
Microsoft Visual Studio Solution File, Format Version 12.00
# Visual Studio 15
VisualStudioVersion = 15.0.26730.12
MinimumVisualStudioVersion = 10.0.40219.1
Project("{FAE04EC0-301F-11D3-BF4B-00C04F79EFBC}") = "DocumentsIndexationService", "DocumentsIndexationService.csproj", "{E47A3292-B123-4B79-BF34-F0609EFAD1FE}"
EndProject
Global
	GlobalSection(SolutionConfigurationPlatforms) = preSolution
		Debug|Any CPU = Debug|Any CPU
		Release|Any CPU = Release|Any CPU
	EndGlobalSection
	GlobalSection(ProjectConfigurationPlatforms) = postSolution
		{E47A3292-B123-4B79-BF34-F0609EFAD1FE}.Debug|Any CPU.ActiveCfg = Debug|Any CPU
		{E47A3292-B123-4B79-BF34-F0609EFAD1FE}.Debug|Any CPU.Build.0 = Debug|Any CPU
		{E47A3292-B123-4B79-BF34-F0609EFAD1FE}.Release|Any CPU.ActiveCfg = Release|Any CPU
		{E47A3292-B123-4B79-BF34-F0609EFAD1FE}.Release|Any CPU.Build.0 = Release|Any CPU
	EndGlobalSection
	GlobalSection(SolutionProperties) = preSolution
		HideSolutionNode = FALSE
	EndGlobalSection
	GlobalSection(ExtensibilityGlobals) = postSolution
		SolutionGuid = {5494AB87-9A5A-4822-882C-D7B5CC0C25AA}
	EndGlobalSection
EndGlobal
